
Microsoft Visual Studio Solution File, Format Version 12.00
# Visual Studio Version 17
VisualStudioVersion = 17.5.33502.453
MinimumVisualStudioVersion = 10.0.40219.1
Project("{FAE04EC0-301F-11D3-BF4B-00C04F79EFBC}") = "Final", "Final\Final.csproj", "{B4CE99EA-60E2-45EF-9A08-4FD80373378C}"
EndProject
Global
	GlobalSection(SolutionConfigurationPlatforms) = preSolution
		Debug|Any CPU = Debug|Any CPU
		Release|Any CPU = Release|Any CPU
	EndGlobalSection
	GlobalSection(ProjectConfigurationPlatforms) = postSolution
		{B4CE99EA-60E2-45EF-9A08-4FD80373378C}.Debug|Any CPU.ActiveCfg = Debug|Any CPU
		{B4CE99EA-60E2-45EF-9A08-4FD80373378C}.Debug|Any CPU.Build.0 = Debug|Any CPU
		{B4CE99EA-60E2-45EF-9A08-4FD80373378C}.Release|Any CPU.ActiveCfg = Release|Any CPU
		{B4CE99EA-60E2-45EF-9A08-4FD80373378C}.Release|Any CPU.Build.0 = Release|Any CPU
	EndGlobalSection
	GlobalSection(SolutionProperties) = preSolution
		HideSolutionNode = FALSE
	EndGlobalSection
	GlobalSection(ExtensibilityGlobals) = postSolution
		SolutionGuid = {542AD122-3290-4E46-B25C-5DBB5AF286D0}
	EndGlobalSection
EndGlobal
